{
  "name": "wxapp-chinese-name-generator",
  "version": "1.0.0",
  "lockfileVersion": 2,
  "requires": true,
  "packages": {
    "": {
      "version": "1.0.0",
      "license": "ISC",
      "dependencies": {
        "thepinyin.js": "^1.0.4"
      }
    },
    "node_modules/thepinyin.js": {
      "version": "1.0.4",
      "resolved": "https://registry.npm.taobao.org/thepinyin.js/download/thepinyin.js-1.0.4.tgz",
      "integrity": "sha1-QR1QCrhrPHFOPny4bvjfnnaahR8="
    }
  },
  "dependencies": {
    "thepinyin.js": {
      "version": "1.0.4",
      "resolved": "https://registry.npm.taobao.org/thepinyin.js/download/thepinyin.js-1.0.4.tgz",
      "integrity": "sha1-QR1QCrhrPHFOPny4bvjfnnaahR8="
    }
  }
}
